
Microsoft Visual Studio Solution File, Format Version 12.00
# Visual Studio 15
VisualStudioVersion = 15.0.27130.2026
MinimumVisualStudioVersion = 10.0.40219.1
Project("{FAE04EC0-301F-11D3-BF4B-00C04F79EFBC}") = "HangfireApp", "HangfireApp\HangfireApp.csproj", "{554FF5CC-42CB-486D-81EC-BD27F09DEE4D}"
EndProject
Project("{FAE04EC0-301F-11D3-BF4B-00C04F79EFBC}") = "HangfireConsole", "HangfireConsole\HangfireConsole.csproj", "{2B3E017F-CABD-42DC-844F-4CB24681E56C}"
EndProject
Global
	GlobalSection(SolutionConfigurationPlatforms) = preSolution
		Debug|Any CPU = Debug|Any CPU
		Release|Any CPU = Release|Any CPU
	EndGlobalSection
	GlobalSection(ProjectConfigurationPlatforms) = postSolution
		{554FF5CC-42CB-486D-81EC-BD27F09DEE4D}.Debug|Any CPU.ActiveCfg = Debug|Any CPU
		{554FF5CC-42CB-486D-81EC-BD27F09DEE4D}.Debug|Any CPU.Build.0 = Debug|Any CPU
		{554FF5CC-42CB-486D-81EC-BD27F09DEE4D}.Release|Any CPU.ActiveCfg = Release|Any CPU
		{554FF5CC-42CB-486D-81EC-BD27F09DEE4D}.Release|Any CPU.Build.0 = Release|Any CPU
		{2B3E017F-CABD-42DC-844F-4CB24681E56C}.Debug|Any CPU.ActiveCfg = Debug|Any CPU
		{2B3E017F-CABD-42DC-844F-4CB24681E56C}.Debug|Any CPU.Build.0 = Debug|Any CPU
		{2B3E017F-CABD-42DC-844F-4CB24681E56C}.Release|Any CPU.ActiveCfg = Release|Any CPU
		{2B3E017F-CABD-42DC-844F-4CB24681E56C}.Release|Any CPU.Build.0 = Release|Any CPU
	EndGlobalSection
	GlobalSection(SolutionProperties) = preSolution
		HideSolutionNode = FALSE
	EndGlobalSection
	GlobalSection(ExtensibilityGlobals) = postSolution
		SolutionGuid = {8689FC92-4591-4DC1-AC7B-89B2EDFBC027}
	EndGlobalSection
EndGlobal
